
Microsoft Visual Studio Solution File, Format Version 12.00
# Visual Studio 2013
VisualStudioVersion = 12.0.21005.1
MinimumVisualStudioVersion = 10.0.40219.1
Project("{2150E333-8FDC-42A3-9474-1A3956D46DE8}") = "Solution Items", "Solution Items", "{72F1C999-624B-4516-B1A5-05C9E92DEE40}"
	ProjectSection(SolutionItems) = preProject
		BlogCode.vsmdi = BlogCode.vsmdi
		CodingAbelNu.ruleset = CodingAbelNu.ruleset
		CustomDictionary.xml = CustomDictionary.xml
		Local.testsettings = Local.testsettings
		TraceAndTestImpact.testsettings = TraceAndTestImpact.testsettings
	EndProjectSection
EndProject
Project("{2150E333-8FDC-42A3-9474-1A3956D46DE8}") = "Misc", "Misc", "{27890E53-DB71-40BC-A1AB-644F1A16400C}"
	ProjectSection(SolutionItems) = preProject
		Misc\ExpressionTree.dot.txt = Misc\ExpressionTree.dot.txt
	EndProjectSection
EndProject
Project("{FAE04EC0-301F-11D3-BF4B-00C04F79EFBC}") = "TestLib", "TestLib\TestLib.csproj", "{CCF81307-AF28-4B95-AE7F-2D6D4BBA0445}"
	ProjectSection(ProjectDependencies) = postProject
		{8E16F066-5269-4957-BD22-8B48A8FB0A69} = {8E16F066-5269-4957-BD22-8B48A8FB0A69}
	EndProjectSection
EndProject
Project("{FAE04EC0-301F-11D3-BF4B-00C04F79EFBC}") = "TestLibTests", "TestLibTests\TestLibTests.csproj", "{33F20F86-058D-4F77-9525-C4E94C9A24FB}"
EndProject
Project("{FAE04EC0-301F-11D3-BF4B-00C04F79EFBC}") = "CodingAbelNu.Utilities", "CodingAbelNu.Utilities\CodingAbelNu.Utilities.csproj", "{352DDF77-14F5-423A-98A3-8C96507289F9}"
EndProject
Project("{FAE04EC0-301F-11D3-BF4B-00C04F79EFBC}") = "CodingAbelNu.UtilitiesTest", "CodingAbelNu.UtilitiesTest\CodingAbelNu.UtilitiesTest.csproj", "{FE7BCA8C-DD96-4E52-9515-1A5E78A0A326}"
EndProject
Project("{FAE04EC0-301F-11D3-BF4B-00C04F79EFBC}") = "TestService", "TestService\TestService.csproj", "{8E16F066-5269-4957-BD22-8B48A8FB0A69}"
EndProject
Project("{FAE04EC0-301F-11D3-BF4B-00C04F79EFBC}") = "My32BitLib", "My32BitLib\My32BitLib.csproj", "{87D6F9C6-0D61-485A-AB39-345B789D49F9}"
EndProject
Project("{FAE04EC0-301F-11D3-BF4B-00C04F79EFBC}") = "MyWindowsService", "MyWindowsService\MyWindowsService.csproj", "{B94BCAAA-C9D8-4787-A546-77E40101DBBD}"
EndProject
Project("{FAE04EC0-301F-11D3-BF4B-00C04F79EFBC}") = "MvcApplication", "MvcApplication\MvcApplication.csproj", "{4D8A9F3C-34B6-4B56-BC2E-E01C64CFE034}"
EndProject
Global
	GlobalSection(SolutionConfigurationPlatforms) = preSolution
		Debug|Any CPU = Debug|Any CPU
		Debug|Mixed Platforms = Debug|Mixed Platforms
		Debug|x86 = Debug|x86
		Release|Any CPU = Release|Any CPU
		Release|Mixed Platforms = Release|Mixed Platforms
		Release|x86 = Release|x86
	EndGlobalSection
	GlobalSection(ProjectConfigurationPlatforms) = postSolution
		{CCF81307-AF28-4B95-AE7F-2D6D4BBA0445}.Debug|Any CPU.ActiveCfg = Debug|Any CPU
		{CCF81307-AF28-4B95-AE7F-2D6D4BBA0445}.Debug|Any CPU.Build.0 = Debug|Any CPU
		{CCF81307-AF28-4B95-AE7F-2D6D4BBA0445}.Debug|Mixed Platforms.ActiveCfg = Debug|Any CPU
		{CCF81307-AF28-4B95-AE7F-2D6D4BBA0445}.Debug|Mixed Platforms.Build.0 = Debug|Any CPU
		{CCF81307-AF28-4B95-AE7F-2D6D4BBA0445}.Debug|x86.ActiveCfg = Debug|Any CPU
		{CCF81307-AF28-4B95-AE7F-2D6D4BBA0445}.Release|Any CPU.ActiveCfg = Release|Any CPU
		{CCF81307-AF28-4B95-AE7F-2D6D4BBA0445}.Release|Any CPU.Build.0 = Release|Any CPU
		{CCF81307-AF28-4B95-AE7F-2D6D4BBA0445}.Release|Mixed Platforms.ActiveCfg = Release|Any CPU
		{CCF81307-AF28-4B95-AE7F-2D6D4BBA0445}.Release|Mixed Platforms.Build.0 = Release|Any CPU
		{CCF81307-AF28-4B95-AE7F-2D6D4BBA0445}.Release|x86.ActiveCfg = Release|Any CPU
		{33F20F86-058D-4F77-9525-C4E94C9A24FB}.Debug|Any CPU.ActiveCfg = Debug|Any CPU
		{33F20F86-058D-4F77-9525-C4E94C9A24FB}.Debug|Any CPU.Build.0 = Debug|Any CPU
		{33F20F86-058D-4F77-9525-C4E94C9A24FB}.Debug|Mixed Platforms.ActiveCfg = Debug|Any CPU
		{33F20F86-058D-4F77-9525-C4E94C9A24FB}.Debug|Mixed Platforms.Build.0 = Debug|Any CPU
		{33F20F86-058D-4F77-9525-C4E94C9A24FB}.Debug|x86.ActiveCfg = Debug|Any CPU
		{33F20F86-058D-4F77-9525-C4E94C9A24FB}.Release|Any CPU.ActiveCfg = Release|Any CPU
		{33F20F86-058D-4F77-9525-C4E94C9A24FB}.Release|Any CPU.Build.0 = Release|Any CPU
		{33F20F86-058D-4F77-9525-C4E94C9A24FB}.Release|Mixed Platforms.ActiveCfg = Release|Any CPU
		{33F20F86-058D-4F77-9525-C4E94C9A24FB}.Release|Mixed Platforms.Build.0 = Release|Any CPU
		{33F20F86-058D-4F77-9525-C4E94C9A24FB}.Release|x86.ActiveCfg = Release|Any CPU
		{352DDF77-14F5-423A-98A3-8C96507289F9}.Debug|Any CPU.ActiveCfg = Debug|Any CPU
		{352DDF77-14F5-423A-98A3-8C96507289F9}.Debug|Any CPU.Build.0 = Debug|Any CPU
		{352DDF77-14F5-423A-98A3-8C96507289F9}.Debug|Mixed Platforms.ActiveCfg = Debug|Any CPU
		{352DDF77-14F5-423A-98A3-8C96507289F9}.Debug|Mixed Platforms.Build.0 = Debug|Any CPU
		{352DDF77-14F5-423A-98A3-8C96507289F9}.Debug|x86.ActiveCfg = Debug|Any CPU
		{352DDF77-14F5-423A-98A3-8C96507289F9}.Release|Any CPU.ActiveCfg = Release|Any CPU
		{352DDF77-14F5-423A-98A3-8C96507289F9}.Release|Any CPU.Build.0 = Release|Any CPU
		{352DDF77-14F5-423A-98A3-8C96507289F9}.Release|Mixed Platforms.ActiveCfg = Release|Any CPU
		{352DDF77-14F5-423A-98A3-8C96507289F9}.Release|Mixed Platforms.Build.0 = Release|Any CPU
		{352DDF77-14F5-423A-98A3-8C96507289F9}.Release|x86.ActiveCfg = Release|Any CPU
		{FE7BCA8C-DD96-4E52-9515-1A5E78A0A326}.Debug|Any CPU.ActiveCfg = Debug|Any CPU
		{FE7BCA8C-DD96-4E52-9515-1A5E78A0A326}.Debug|Any CPU.Build.0 = Debug|Any CPU
		{FE7BCA8C-DD96-4E52-9515-1A5E78A0A326}.Debug|Mixed Platforms.ActiveCfg = Debug|Any CPU
		{FE7BCA8C-DD96-4E52-9515-1A5E78A0A326}.Debug|Mixed Platforms.Build.0 = Debug|Any CPU
		{FE7BCA8C-DD96-4E52-9515-1A5E78A0A326}.Debug|x86.ActiveCfg = Debug|Any CPU
		{FE7BCA8C-DD96-4E52-9515-1A5E78A0A326}.Release|Any CPU.ActiveCfg = Release|Any CPU
		{FE7BCA8C-DD96-4E52-9515-1A5E78A0A326}.Release|Any CPU.Build.0 = Release|Any CPU
		{FE7BCA8C-DD96-4E52-9515-1A5E78A0A326}.Release|Mixed Platforms.ActiveCfg = Release|Any CPU
		{FE7BCA8C-DD96-4E52-9515-1A5E78A0A326}.Release|Mixed Platforms.Build.0 = Release|Any CPU
		{FE7BCA8C-DD96-4E52-9515-1A5E78A0A326}.Release|x86.ActiveCfg = Release|Any CPU
		{8E16F066-5269-4957-BD22-8B48A8FB0A69}.Debug|Any CPU.ActiveCfg = Debug|Any CPU
		{8E16F066-5269-4957-BD22-8B48A8FB0A69}.Debug|Any CPU.Build.0 = Debug|Any CPU
		{8E16F066-5269-4957-BD22-8B48A8FB0A69}.Debug|Mixed Platforms.ActiveCfg = Debug|Any CPU
		{8E16F066-5269-4957-BD22-8B48A8FB0A69}.Debug|Mixed Platforms.Build.0 = Debug|Any CPU
		{8E16F066-5269-4957-BD22-8B48A8FB0A69}.Debug|x86.ActiveCfg = Debug|Any CPU
		{8E16F066-5269-4957-BD22-8B48A8FB0A69}.Release|Any CPU.ActiveCfg = Release|Any CPU
		{8E16F066-5269-4957-BD22-8B48A8FB0A69}.Release|Any CPU.Build.0 = Release|Any CPU
		{8E16F066-5269-4957-BD22-8B48A8FB0A69}.Release|Mixed Platforms.ActiveCfg = Release|Any CPU
		{8E16F066-5269-4957-BD22-8B48A8FB0A69}.Release|Mixed Platforms.Build.0 = Release|Any CPU
		{8E16F066-5269-4957-BD22-8B48A8FB0A69}.Release|x86.ActiveCfg = Release|Any CPU
		{87D6F9C6-0D61-485A-AB39-345B789D49F9}.Debug|Any CPU.ActiveCfg = Debug|Any CPU
		{87D6F9C6-0D61-485A-AB39-345B789D49F9}.Debug|Any CPU.Build.0 = Debug|Any CPU
		{87D6F9C6-0D61-485A-AB39-345B789D49F9}.Debug|Mixed Platforms.ActiveCfg = Debug|Any CPU
		{87D6F9C6-0D61-485A-AB39-345B789D49F9}.Debug|Mixed Platforms.Build.0 = Debug|Any CPU
		{87D6F9C6-0D61-485A-AB39-345B789D49F9}.Debug|x86.ActiveCfg = Debug|Any CPU
		{87D6F9C6-0D61-485A-AB39-345B789D49F9}.Release|Any CPU.ActiveCfg = Release|Any CPU
		{87D6F9C6-0D61-485A-AB39-345B789D49F9}.Release|Any CPU.Build.0 = Release|Any CPU
		{87D6F9C6-0D61-485A-AB39-345B789D49F9}.Release|Mixed Platforms.ActiveCfg = Release|Any CPU
		{87D6F9C6-0D61-485A-AB39-345B789D49F9}.Release|Mixed Platforms.Build.0 = Release|Any CPU
		{87D6F9C6-0D61-485A-AB39-345B789D49F9}.Release|x86.ActiveCfg = Release|Any CPU
		{B94BCAAA-C9D8-4787-A546-77E40101DBBD}.Debug|Any CPU.ActiveCfg = Debug|x86
		{B94BCAAA-C9D8-4787-A546-77E40101DBBD}.Debug|Mixed Platforms.ActiveCfg = Debug|x86
		{B94BCAAA-C9D8-4787-A546-77E40101DBBD}.Debug|Mixed Platforms.Build.0 = Debug|x86
		{B94BCAAA-C9D8-4787-A546-77E40101DBBD}.Debug|x86.ActiveCfg = Debug|x86
		{B94BCAAA-C9D8-4787-A546-77E40101DBBD}.Debug|x86.Build.0 = Debug|x86
		{B94BCAAA-C9D8-4787-A546-77E40101DBBD}.Release|Any CPU.ActiveCfg = Release|x86
		{B94BCAAA-C9D8-4787-A546-77E40101DBBD}.Release|Mixed Platforms.ActiveCfg = Release|x86
		{B94BCAAA-C9D8-4787-A546-77E40101DBBD}.Release|Mixed Platforms.Build.0 = Release|x86
		{B94BCAAA-C9D8-4787-A546-77E40101DBBD}.Release|x86.ActiveCfg = Release|x86
		{B94BCAAA-C9D8-4787-A546-77E40101DBBD}.Release|x86.Build.0 = Release|x86
		{4D8A9F3C-34B6-4B56-BC2E-E01C64CFE034}.Debug|Any CPU.ActiveCfg = Debug|Any CPU
		{4D8A9F3C-34B6-4B56-BC2E-E01C64CFE034}.Debug|Any CPU.Build.0 = Debug|Any CPU
		{4D8A9F3C-34B6-4B56-BC2E-E01C64CFE034}.Debug|Mixed Platforms.ActiveCfg = Debug|Any CPU
		{4D8A9F3C-34B6-4B56-BC2E-E01C64CFE034}.Debug|Mixed Platforms.Build.0 = Debug|Any CPU
		{4D8A9F3C-34B6-4B56-BC2E-E01C64CFE034}.Debug|x86.ActiveCfg = Debug|Any CPU
		{4D8A9F3C-34B6-4B56-BC2E-E01C64CFE034}.Release|Any CPU.ActiveCfg = Release|Any CPU
		{4D8A9F3C-34B6-4B56-BC2E-E01C64CFE034}.Release|Any CPU.Build.0 = Release|Any CPU
		{4D8A9F3C-34B6-4B56-BC2E-E01C64CFE034}.Release|Mixed Platforms.ActiveCfg = Release|Any CPU
		{4D8A9F3C-34B6-4B56-BC2E-E01C64CFE034}.Release|Mixed Platforms.Build.0 = Release|Any CPU
		{4D8A9F3C-34B6-4B56-BC2E-E01C64CFE034}.Release|x86.ActiveCfg = Release|Any CPU
	EndGlobalSection
	GlobalSection(SolutionProperties) = preSolution
		HideSolutionNode = FALSE
	EndGlobalSection
	GlobalSection(TestCaseManagementSettings) = postSolution
		CategoryFile = BlogCode.vsmdi
	EndGlobalSection
EndGlobal
